
Microsoft Visual Studio Solution File, Format Version 12.00
# Visual Studio Version 17
VisualStudioVersion = 17.3.32929.385
MinimumVisualStudioVersion = 10.0.40219.1
Project("{FAE04EC0-301F-11D3-BF4B-00C04F79EFBC}") = "MyFirstConsole", "MyFirstConsole\MyFirstConsole.csproj", "{84020279-C16A-4A06-8D4C-9B5E3087B7BE}"
EndProject
Project("{FAE04EC0-301F-11D3-BF4B-00C04F79EFBC}") = "MySecondConsole", "MySecondConsole\MySecondConsole.csproj", "{F1382D2C-62B9-4414-B824-9BB797403635}"
EndProject
Global
	GlobalSection(SolutionConfigurationPlatforms) = preSolution
		Debug|Any CPU = Debug|Any CPU
		Release|Any CPU = Release|Any CPU
	EndGlobalSection
	GlobalSection(ProjectConfigurationPlatforms) = postSolution
		{84020279-C16A-4A06-8D4C-9B5E3087B7BE}.Debug|Any CPU.ActiveCfg = Debug|Any CPU
		{84020279-C16A-4A06-8D4C-9B5E3087B7BE}.Debug|Any CPU.Build.0 = Debug|Any CPU
		{84020279-C16A-4A06-8D4C-9B5E3087B7BE}.Release|Any CPU.ActiveCfg = Release|Any CPU
		{84020279-C16A-4A06-8D4C-9B5E3087B7BE}.Release|Any CPU.Build.0 = Release|Any CPU
		{F1382D2C-62B9-4414-B824-9BB797403635}.Debug|Any CPU.ActiveCfg = Debug|Any CPU
		{F1382D2C-62B9-4414-B824-9BB797403635}.Debug|Any CPU.Build.0 = Debug|Any CPU
		{F1382D2C-62B9-4414-B824-9BB797403635}.Release|Any CPU.ActiveCfg = Release|Any CPU
		{F1382D2C-62B9-4414-B824-9BB797403635}.Release|Any CPU.Build.0 = Release|Any CPU
	EndGlobalSection
	GlobalSection(SolutionProperties) = preSolution
		HideSolutionNode = FALSE
	EndGlobalSection
	GlobalSection(ExtensibilityGlobals) = postSolution
		SolutionGuid = {DFB09C7D-C9EA-4A6A-8D95-AC00458195DB}
	EndGlobalSection
EndGlobal
